
Microsoft Visual Studio Solution File, Format Version 12.00
# Visual Studio Version 16
VisualStudioVersion = 16.0.31129.286
MinimumVisualStudioVersion = 10.0.40219.1
Project("{FAE04EC0-301F-11D3-BF4B-00C04F79EFBC}") = "CodeWars", "CodeWars\CodeWars.csproj", "{829069E6-C74C-4A00-A9BD-E3D44DFF9C53}"
EndProject
Global
	GlobalSection(SolutionConfigurationPlatforms) = preSolution
		Debug|Any CPU = Debug|Any CPU
		Release|Any CPU = Release|Any CPU
	EndGlobalSection
	GlobalSection(ProjectConfigurationPlatforms) = postSolution
		{829069E6-C74C-4A00-A9BD-E3D44DFF9C53}.Debug|Any CPU.ActiveCfg = Debug|Any CPU
		{829069E6-C74C-4A00-A9BD-E3D44DFF9C53}.Debug|Any CPU.Build.0 = Debug|Any CPU
		{829069E6-C74C-4A00-A9BD-E3D44DFF9C53}.Release|Any CPU.ActiveCfg = Release|Any CPU
		{829069E6-C74C-4A00-A9BD-E3D44DFF9C53}.Release|Any CPU.Build.0 = Release|Any CPU
	EndGlobalSection
	GlobalSection(SolutionProperties) = preSolution
		HideSolutionNode = FALSE
	EndGlobalSection
	GlobalSection(ExtensibilityGlobals) = postSolution
		SolutionGuid = {5AB57372-35E6-423F-B9BA-49EEC904DDE7}
	EndGlobalSection
EndGlobal
